
Microsoft Visual Studio Solution File, Format Version 12.00
# Visual Studio 15
VisualStudioVersion = 15.0.28307.271
MinimumVisualStudioVersion = 10.0.40219.1
Project("{FAE04EC0-301F-11D3-BF4B-00C04F79EFBC}") = "Click", "Click\Click.csproj", "{AE2ECA70-33F9-4FC0-B77A-FD979A29804F}"
EndProject
Global
	GlobalSection(SolutionConfigurationPlatforms) = preSolution
		Debug|Any CPU = Debug|Any CPU
		Release|Any CPU = Release|Any CPU
	EndGlobalSection
	GlobalSection(ProjectConfigurationPlatforms) = postSolution
		{AE2ECA70-33F9-4FC0-B77A-FD979A29804F}.Debug|Any CPU.ActiveCfg = Debug|Any CPU
		{AE2ECA70-33F9-4FC0-B77A-FD979A29804F}.Debug|Any CPU.Build.0 = Debug|Any CPU
		{AE2ECA70-33F9-4FC0-B77A-FD979A29804F}.Release|Any CPU.ActiveCfg = Release|Any CPU
		{AE2ECA70-33F9-4FC0-B77A-FD979A29804F}.Release|Any CPU.Build.0 = Release|Any CPU
	EndGlobalSection
	GlobalSection(SolutionProperties) = preSolution
		HideSolutionNode = FALSE
	EndGlobalSection
	GlobalSection(ExtensibilityGlobals) = postSolution
		SolutionGuid = {47B8BF63-B3FB-4148-B03C-0D8D26CB1042}
	EndGlobalSection
EndGlobal
